{
  "lockfileVersion": 1,
  "configVersion": 1,
  "workspaces": {
    "": {
      "name": "@sgreengolf/ui",
      "devDependencies": {
        "typescript": "^6.0.3",
      },
      "peerDependencies": {
        "@ark-ui/solid": "^5.37.1",
        "@sgreengolf/helpers": "github:quanttrinh/frontend-helpers",
        "@tanstack/solid-virtual": "^3.13.30",
        "class-variance-authority": "^0.7.1",
        "clsx": "^2.1.1",
        "fuse.js": "^7.4.2",
        "material-icons": "^1.13.14",
        "solid-js": "^1.9.13",
        "tailwind-merge": "^3.6.0",
      },
    },
  },
  "packages": {
    "@ark-ui/solid": ["@ark-ui/solid@5.37.1", "", { "dependencies": { "@internationalized/date": "3.12.2", "@zag-js/accordion": "1.41.2", "@zag-js/anatomy": "1.41.2", "@zag-js/angle-slider": "1.41.2", "@zag-js/async-list": "1.41.2", "@zag-js/auto-resize": "1.41.2", "@zag-js/avatar": "1.41.2", "@zag-js/carousel": "1.41.2", "@zag-js/cascade-select": "1.41.2", "@zag-js/checkbox": "1.41.2", "@zag-js/clipboard": "1.41.2", "@zag-js/collapsible": "1.41.2", "@zag-js/collection": "1.41.2", "@zag-js/color-picker": "1.41.2", "@zag-js/color-utils": "1.41.2", "@zag-js/combobox": "1.41.2", "@zag-js/core": "1.41.2", "@zag-js/date-input": "1.41.2", "@zag-js/date-picker": "1.41.2", "@zag-js/date-utils": "1.41.2", "@zag-js/dialog": "1.41.2", "@zag-js/dom-query": "1.41.2", "@zag-js/drawer": "1.41.2", "@zag-js/editable": "1.41.2", "@zag-js/file-upload": "1.41.2", "@zag-js/file-utils": "1.41.2", "@zag-js/floating-panel": "1.41.2", "@zag-js/focus-trap": "1.41.2", "@zag-js/focus-visible": "1.41.2", "@zag-js/highlight-word": "1.41.2", "@zag-js/hover-card": "1.41.2", "@zag-js/i18n-utils": "1.41.2", "@zag-js/image-cropper": "1.41.2", "@zag-js/json-tree-utils": "1.41.2", "@zag-js/listbox": "1.41.2", "@zag-js/marquee": "1.41.2", "@zag-js/menu": "1.41.2", "@zag-js/navigation-menu": "1.41.2", "@zag-js/number-input": "1.41.2", "@zag-js/pagination": "1.41.2", "@zag-js/password-input": "1.41.2", "@zag-js/pin-input": "1.41.2", "@zag-js/popover": "1.41.2", "@zag-js/presence": "1.41.2", "@zag-js/progress": "1.41.2", "@zag-js/qr-code": "1.41.2", "@zag-js/radio-group": "1.41.2", "@zag-js/rating-group": "1.41.2", "@zag-js/scroll-area": "1.41.2", "@zag-js/select": "1.41.2", "@zag-js/signature-pad": "1.41.2", "@zag-js/slider": "1.41.2", "@zag-js/solid": "1.41.2", "@zag-js/splitter": "1.41.2", "@zag-js/steps": "1.41.2", "@zag-js/switch": "1.41.2", "@zag-js/tabs": "1.41.2", "@zag-js/tags-input": "1.41.2", "@zag-js/timer": "1.41.2", "@zag-js/toast": "1.41.2", "@zag-js/toggle": "1.41.2", "@zag-js/toggle-group": "1.41.2", "@zag-js/tooltip": "1.41.2", "@zag-js/tour": "1.41.2", "@zag-js/tree-view": "1.41.2", "@zag-js/types": "1.41.2", "@zag-js/utils": "1.41.2" }, "peerDependencies": { "solid-js": ">=1.6.0" } }, "sha512-0/X+mcQyFbbfICmd4LMUR/bR45f1WOmlXFzYCBNU8AQLidCu8Sd6UFdjSOuXwjgenkYRYHOqxXW2vvzNQxg7XQ=="],

    "@floating-ui/core": ["@floating-ui/core@1.7.5", "", { "dependencies": { "@floating-ui/utils": "^0.2.11" } }, "sha512-1Ih4WTWyw0+lKyFMcBHGbb5U5FtuHJuujoyyr5zTaWS5EYMeT6Jb2AuDeftsCsEuchO+mM2ij5+q9crhydzLhQ=="],

    "@floating-ui/dom": ["@floating-ui/dom@1.7.6", "", { "dependencies": { "@floating-ui/core": "^1.7.5", "@floating-ui/utils": "^0.2.11" } }, "sha512-9gZSAI5XM36880PPMm//9dfiEngYoC6Am2izES1FF406YFsjvyBMmeJ2g4SAju3xWwtuynNRFL2s9hgxpLI5SQ=="],

    "@floating-ui/utils": ["@floating-ui/utils@0.2.11", "", {}, "sha512-RiB/yIh78pcIxl6lLMG0CgBXAZ2Y0eVHqMPYugu+9U0AeT6YBeiJpf7lbdJNIugFP5SIjwNRgo4DhR1Qxi26Gg=="],

    "@internationalized/date": ["@internationalized/date@3.12.2", "", { "dependencies": { "@swc/helpers": "^0.5.0" } }, "sha512-FY1Y+H64NDs+HAF6omlnWxm3mEpfgaCSWtL5l551ZZfImA+kGjPFgrnJrGjH6lfmLL0g8Z/mBu1R3kufeCp6Jw=="],

    "@internationalized/number": ["@internationalized/number@3.6.6", "", { "dependencies": { "@swc/helpers": "^0.5.0" } }, "sha512-iFgmQaXHE0vytNfpLZWOC2mEJCBRzcUxt53Xf/yCXG93lRvqas237i3r7X4RKMwO3txiyZD4mQjKAByFv6UGSQ=="],

    "@sgreengolf/helpers": ["@sgreengolf/helpers@github:quanttrinh/frontend-helpers#da1d20a", {}, "quanttrinh-frontend-helpers-da1d20a", "sha512-kJwkkEknWS3P5Kff0Z2nm/qTkKvqGPzZOf3v1zbxMqwtZhtzYDswCFdC+Vbegeq2Vsf1BOR3FppDCs2ncy3dxA=="],

    "@solid-primitives/keyed": ["@solid-primitives/keyed@1.5.3", "", { "peerDependencies": { "solid-js": "^1.6.12" } }, "sha512-zNadtyYBhJSOjXtogkGHmRxjGdz9KHc8sGGVAGlUABkE8BED2tbIZoxkwSqzOwde8OcUEH0bb5DLZUWIMvyBSA=="],

    "@swc/helpers": ["@swc/helpers@0.5.23", "", { "dependencies": { "tslib": "^2.8.0" } }, "sha512-5lSsMOTXURePglDfvuAQUqkGek9Hg2kksOYay2m0+XR++b2NWYL/4sWyuvVBIs8oKnJaxkdi9whaL/sqN13afw=="],

    "@tanstack/solid-virtual": ["@tanstack/solid-virtual@3.13.30", "", { "dependencies": { "@tanstack/virtual-core": "3.17.2" }, "peerDependencies": { "solid-js": "^1.3.0" } }, "sha512-Uggj9Ie4psxQLFfZ9FmTKsKkXVNRUQBIc6ucKnW8l/zA2fR5Q+lInzsqoOw0OjIhLlBgxI767kxS2dj82CX65g=="],

    "@tanstack/virtual-core": ["@tanstack/virtual-core@3.17.2", "", {}, "sha512-w43MvWvmShpb6kIC9MOoLyUkLmRTLPjt61bHWs+X29hACSpX+n8DvgZ3qM7cUfflKlRRcHR9KVJE6TmcqnQvcA=="],

    "@zag-js/accordion": ["@zag-js/accordion@1.41.2", "", { "dependencies": { "@zag-js/anatomy": "1.41.2", "@zag-js/core": "1.41.2", "@zag-js/dom-query": "1.41.2", "@zag-js/types": "1.41.2", "@zag-js/utils": "1.41.2" } }, "sha512-7G//V7svGGT8k5avw7bbQvbRC0Q/9QtX51b4iyAB1alR9E5mFd6Ch8q4njwcXClMQ7xePS3jUfVnzVGiRInEiQ=="],

    "@zag-js/anatomy": ["@zag-js/anatomy@1.41.2", "", {}, "sha512-Fm9hqdrvaCzCsdcf19G8WZxYtHElKltkGHdhqMEt4XU+ULTr1DK7KbOtDDv9J27CuzqSLALUz5QfRjPftoKHwg=="],

    "@zag-js/angle-slider": ["@zag-js/angle-slider@1.41.2", "", { "dependencies": { "@zag-js/anatomy": "1.41.2", "@zag-js/core": "1.41.2", "@zag-js/dom-query": "1.41.2", "@zag-js/rect-utils": "1.41.2", "@zag-js/types": "1.41.2", "@zag-js/utils": "1.41.2" } }, "sha512-+7bZHAZx0MEbjTMr2tD+meFJ0EJwFfUEcTqmdLzFGr/ySAMCWlcadDBz+ZmrSn03aKLps8FxliVLzsFJNgUqIQ=="],

    "@zag-js/aria-hidden": ["@zag-js/aria-hidden@1.41.2", "", { "dependencies": { "@zag-js/dom-query": "1.41.2" } }, "sha512-qEcYmwlQr3qjA0T/IZ5a/o7fRUxfQ14tXjAFhR3GXCtxBKaqS+wnq/LN09Xw4bin3QWTINU+Z0oXFs9spWtNwA=="],

    "@zag-js/async-list": ["@zag-js/async-list@1.41.2", "", { "dependencies": { "@zag-js/core": "1.41.2", "@zag-js/utils": "1.41.2" } }, "sha512-NZZEIGFdeDp2uHjsLVegLAGJOYGwI9HPJI1V2c/P1TQmfmrfWyWELAvnnW4kWYVUKYD9TxKQkm6LvqpHrQzgfQ=="],

    "@zag-js/auto-resize": ["@zag-js/auto-resize@1.41.2", "", { "dependencies": { "@zag-js/dom-query": "1.41.2" } }, "sha512-CYq+JQ1TTkEiK7OcNcMTS0f4wFvtmManvUltije5o50gDQ7vFYA81oQh4A9pAB1keUi9Zv06CNefFARaTcne5w=="],

    "@zag-js/avatar": ["@zag-js/avatar@1.41.2", "", { "dependencies": { "@zag-js/anatomy": "1.41.2", "@zag-js/core": "1.41.2", "@zag-js/dom-query": "1.41.2", "@zag-js/types": "1.41.2", "@zag-js/utils": "1.41.2" } }, "sha512-+4K0tRtIQysMGuERh5JRmn46uq7gJ6IjJd5DKj74VBtVVY8T6HGk0D0DZxmOIgADHP1qSvowLDoOX8kUyBHarQ=="],

    "@zag-js/carousel": ["@zag-js/carousel@1.41.2", "", { "dependencies": { "@zag-js/anatomy": "1.41.2", "@zag-js/core": "1.41.2", "@zag-js/dom-query": "1.41.2", "@zag-js/scroll-snap": "1.41.2", "@zag-js/types": "1.41.2", "@zag-js/utils": "1.41.2" } }, "sha512-H6sDxyWIzkvtHN4M/BYvFy7pi8j+kLEtfPZvgNl2+gRnfAHVK9/XqpoUsjw1DAo5Fh25pPuaTnh52Kml9OK0iA=="],

    "@zag-js/cascade-select": ["@zag-js/cascade-select@1.41.2", "", { "dependencies": { "@zag-js/anatomy": "1.41.2", "@zag-js/collection": "1.41.2", "@zag-js/core": "1.41.2", "@zag-js/dismissable": "1.41.2", "@zag-js/dom-query": "1.41.2", "@zag-js/focus-visible": "1.41.2", "@zag-js/popper": "1.41.2", "@zag-js/rect-utils": "1.41.2", "@zag-js/types": "1.41.2", "@zag-js/utils": "1.41.2" } }, "sha512-dBByZmIAJU/B+YIAzczng05lCJXEwEm4df6GmUZtioKHZdeN+WEKUP4qzFDFZdytXympGfJCIBvtgf87gACYVQ=="],

    "@zag-js/checkbox": ["@zag-js/checkbox@1.41.2", "", { "dependencies": { "@zag-js/anatomy": "1.41.2", "@zag-js/core": "1.41.2", "@zag-js/dom-query": "1.41.2", "@zag-js/focus-visible": "1.41.2", "@zag-js/types": "1.41.2", "@zag-js/utils": "1.41.2" } }, "sha512-aQ5dZWHUHRIw4cbLtzrR+dc8M0N6wSiiCml/zbU3ciHOTBXSrs2rKnp/L99xhi97Lj2uCEhpIZ704Ou/MjGuCg=="],

    "@zag-js/clipboard": ["@zag-js/clipboard@1.41.2", "", { "dependencies": { "@zag-js/anatomy": "1.41.2", "@zag-js/core": "1.41.2", "@zag-js/dom-query": "1.41.2", "@zag-js/types": "1.41.2", "@zag-js/utils": "1.41.2" } }, "sha512-FM+PNGEeY+YpF1dVr9d8kg3DQM66LRnkR4Mva1oprqnrCXTYWj+k7uig893ubSG2xw1GO5b/WJd27kSmNoKnmw=="],

    "@zag-js/collapsible": ["@zag-js/collapsible@1.41.2", "", { "dependencies": { "@zag-js/anatomy": "1.41.2", "@zag-js/core": "1.41.2", "@zag-js/dom-query": "1.41.2", "@zag-js/types": "1.41.2", "@zag-js/utils": "1.41.2" } }, "sha512-uMIp4rqd3iI6VFPMAOcbu9dh9WV4l85nNPYQiBtMKRHgbkfaZdfzF+E+NX3KquIeHW6JiBFUiIyCU0Sf2Cscdw=="],

    "@zag-js/collection": ["@zag-js/collection@1.41.2", "", { "dependencies": { "@zag-js/utils": "1.41.2" } }, "sha512-ZZWuvfPZI8ccWd4aLpuU47k1jSc9eO+F3FM3iBJuvgegCH6g3+HDEwGN6wdePHnYfv7zyIKCGKr816zXcIWQbw=="],

    "@zag-js/color-picker": ["@zag-js/color-picker@1.41.2", "", { "dependencies": { "@zag-js/anatomy": "1.41.2", "@zag-js/color-utils": "1.41.2", "@zag-js/core": "1.41.2", "@zag-js/dismissable": "1.41.2", "@zag-js/dom-query": "1.41.2", "@zag-js/popper": "1.41.2", "@zag-js/types": "1.41.2", "@zag-js/utils": "1.41.2" } }, "sha512-UynyJ/bTBeSlq6ziHr9GVrFycDjVxfLFIb8Aivu/XvihrAAvkhXUxwy+1ax+hj7peGlTY590xoQAvQixV+McBA=="],

    "@zag-js/color-utils": ["@zag-js/color-utils@1.41.2", "", { "dependencies": { "@zag-js/utils": "1.41.2" } }, "sha512-Lsi5c2ztGZqud0oeDtAn3xFhgrYMaeaz1zi4p+mr0zXOuQNuZzfsrJ0stQ45s8L/xT8UJtGhYyEVy1+xjE4ARA=="],

    "@zag-js/combobox": ["@zag-js/combobox@1.41.2", "", { "dependencies": { "@zag-js/anatomy": "1.41.2", "@zag-js/collection": "1.41.2", "@zag-js/core": "1.41.2", "@zag-js/dismissable": "1.41.2", "@zag-js/dom-query": "1.41.2", "@zag-js/focus-visible": "1.41.2", "@zag-js/live-region": "1.41.2", "@zag-js/popper": "1.41.2", "@zag-js/types": "1.41.2", "@zag-js/utils": "1.41.2" } }, "sha512-V9jQteyQHs8ZNQx/FcA98P1NVZas/yjiW1V7s4L+h8MnRS3AK97+FAHAT83KCiZ34/vkpLF6ZEHI2zkcQpNXcg=="],

    "@zag-js/core": ["@zag-js/core@1.41.2", "", { "dependencies": { "@zag-js/dom-query": "1.41.2", "@zag-js/utils": "1.41.2" } }, "sha512-xXTN3zKwOtMI4+5dG2cG+T1B4WR3X9alXiYaPJKaGd4N2eYRj9JEPte3Hv9gtFm+RM0b9VIwksHEg25rqE4apw=="],

    "@zag-js/date-input": ["@zag-js/date-input@1.41.2", "", { "dependencies": { "@zag-js/anatomy": "1.41.2", "@zag-js/core": "1.41.2", "@zag-js/date-utils": "1.41.2", "@zag-js/dom-query": "1.41.2", "@zag-js/live-region": "1.41.2", "@zag-js/types": "1.41.2", "@zag-js/utils": "1.41.2" }, "peerDependencies": { "@internationalized/date": ">=3.0.0" } }, "sha512-J8PdpEpM9TBxZBEE8/Nxi39LNJOZY7lilTbgcDABR5uiviZUk5++5GSdUTspcjFUIXx5SvqmdCk2RF7hsUEHVQ=="],

    "@zag-js/date-picker": ["@zag-js/date-picker@1.41.2", "", { "dependencies": { "@zag-js/anatomy": "1.41.2", "@zag-js/core": "1.41.2", "@zag-js/date-utils": "1.41.2", "@zag-js/dismissable": "1.41.2", "@zag-js/dom-query": "1.41.2", "@zag-js/live-region": "1.41.2", "@zag-js/popper": "1.41.2", "@zag-js/types": "1.41.2", "@zag-js/utils": "1.41.2" }, "peerDependencies": { "@internationalized/date": ">=3.0.0" } }, "sha512-j9LaznCV4QCfrq/y/mNAN9XgIRFFg+414TxGT4TK8mfWouIaFvxEoKdGP0l/LL4DFv1NRDaRdSBBcw3eXtMVnA=="],

    "@zag-js/date-utils": ["@zag-js/date-utils@1.41.2", "", { "peerDependencies": { "@internationalized/date": ">=3.0.0" } }, "sha512-jdcWLa5fYLTsvGWJkx4v/9Hzqf6UHdvJDeP6NxHpwoEmzYy7+AghYKBNSnRrJIBCQJgl1vM9OkpMvYrLNHr9jw=="],

    "@zag-js/dialog": ["@zag-js/dialog@1.41.2", "", { "dependencies": { "@zag-js/anatomy": "1.41.2", "@zag-js/aria-hidden": "1.41.2", "@zag-js/core": "1.41.2", "@zag-js/dismissable": "1.41.2", "@zag-js/dom-query": "1.41.2", "@zag-js/focus-trap": "1.41.2", "@zag-js/remove-scroll": "1.41.2", "@zag-js/types": "1.41.2", "@zag-js/utils": "1.41.2" } }, "sha512-t1N72snpFGiKj7cg2PivPdsy+X1YdgXPv7bzovpqjMLy0kN+gYTPoV1Iy/hQA+g021dz9XGgXzkDuU45sJqsFA=="],

    "@zag-js/dismissable": ["@zag-js/dismissable@1.41.2", "", { "dependencies": { "@zag-js/dom-query": "1.41.2", "@zag-js/interact-outside": "1.41.2", "@zag-js/utils": "1.41.2" } }, "sha512-hO/tFhRZ7S+LOOljGOQJIubbc3MXg41+iWR1yUXKl76cAenbxaCit1LZmUCwQPvRN0GndK6bDQo5ETjHZz/k7A=="],

    "@zag-js/dom-query": ["@zag-js/dom-query@1.41.2", "", { "dependencies": { "@zag-js/types": "1.41.2" } }, "sha512-+eBk1nlJA312mNmY/GSThLRwcCRqMIL+A1pLsWvTlQLQjmH1/UxoAuv6l2yvRCT33XmC8FBlBIKnXhOCpDvIZA=="],

    "@zag-js/drawer": ["@zag-js/drawer@1.41.2", "", { "dependencies": { "@zag-js/anatomy": "1.41.2", "@zag-js/aria-hidden": "1.41.2", "@zag-js/core": "1.41.2", "@zag-js/dismissable": "1.41.2", "@zag-js/dom-query": "1.41.2", "@zag-js/focus-trap": "1.41.2", "@zag-js/remove-scroll": "1.41.2", "@zag-js/types": "1.41.2", "@zag-js/utils": "1.41.2" } }, "sha512-aJql6L0cfHd1wXbemfLcNnjqTA/CbwVgQdWEVn5Qci6zhy4UJXPQeBBfxfgPgEOAbW60gL/gaaXG3d9Vx6+6oA=="],

    "@zag-js/editable": ["@zag-js/editable@1.41.2", "", { "dependencies": { "@zag-js/anatomy": "1.41.2", "@zag-js/core": "1.41.2", "@zag-js/dom-query": "1.41.2", "@zag-js/interact-outside": "1.41.2", "@zag-js/types": "1.41.2", "@zag-js/utils": "1.41.2" } }, "sha512-loTM1lrHBBqYfR8SJZrYayVdWHMpXCLVir+aDTQ8/d4bb/Gfl/L8CJNs3BRj3yt9zvLoWTLO+4LOY3hLyQSR2w=="],

    "@zag-js/file-upload": ["@zag-js/file-upload@1.41.2", "", { "dependencies": { "@zag-js/anatomy": "1.41.2", "@zag-js/core": "1.41.2", "@zag-js/dom-query": "1.41.2", "@zag-js/file-utils": "1.41.2", "@zag-js/i18n-utils": "1.41.2", "@zag-js/types": "1.41.2", "@zag-js/utils": "1.41.2" } }, "sha512-WFwIaKvHpCUjyYMvp42VoydT1WIP5DhDlpmG/nrF4i0ro7pLGb1A4dvyBrAfGcozCB88yR1y1iZKPDY1I9/uUw=="],

    "@zag-js/file-utils": ["@zag-js/file-utils@1.41.2", "", { "dependencies": { "@zag-js/i18n-utils": "1.41.2" } }, "sha512-Ih+8ULbId0M+CFR4IsqG5y/0VLCk2l+1rgPH+21L40dlSB6z6qKSP2tG7W69Cj2/3vryZsn67ibn26iCPG/vOw=="],

    "@zag-js/floating-panel": ["@zag-js/floating-panel@1.41.2", "", { "dependencies": { "@zag-js/anatomy": "1.41.2", "@zag-js/core": "1.41.2", "@zag-js/dom-query": "1.41.2", "@zag-js/popper": "1.41.2", "@zag-js/rect-utils": "1.41.2", "@zag-js/store": "1.41.2", "@zag-js/types": "1.41.2", "@zag-js/utils": "1.41.2" } }, "sha512-nJP3oZ4YrJh+7H5YdwNccSzPGXFqjQN1ujZ/xGDhegjz4XtL48QMFnAasxlRI8VGjse9Tj8VXlQZxXPrASGzlA=="],

    "@zag-js/focus-trap": ["@zag-js/focus-trap@1.41.2", "", { "dependencies": { "@zag-js/dom-query": "1.41.2" } }, "sha512-3QTtGUjFU2OLbyrDlyoYWvKZecCmtn/+bsfsHW159jJHiEGHVYK6CY8AI1ePsMk9gVay48bXh008j+lVli7gAw=="],

    "@zag-js/focus-visible": ["@zag-js/focus-visible@1.41.2", "", { "dependencies": { "@zag-js/dom-query": "1.41.2" } }, "sha512-oRjwtgafUdGVwLJUN6mKsnBQbez/CHYAPkPg1FxOnr5GFpEpr8oMTOZJ3wdPM2U1ynS9QnUUu/sXc3KQv/jX0Q=="],

    "@zag-js/highlight-word": ["@zag-js/highlight-word@1.41.2", "", {}, "sha512-95zcZKqNrL7JlqAckfzHa+LRbnfoz1lj6skUhq/uHSnni1vH6+8fNWT8ruo9G7vpGopbyRmmcie5p41SbAwQjQ=="],

    "@zag-js/hover-card": ["@zag-js/hover-card@1.41.2", "", { "dependencies": { "@zag-js/anatomy": "1.41.2", "@zag-js/core": "1.41.2", "@zag-js/dismissable": "1.41.2", "@zag-js/dom-query": "1.41.2", "@zag-js/popper": "1.41.2", "@zag-js/types": "1.41.2", "@zag-js/utils": "1.41.2" } }, "sha512-Xn9RVzgTkKaVzyJTDdBJiXmCleNi1/hmW8z73tC0vOiQvSSvPejg/JkzqTOLFODvQHK3NOw54QHZvmjYp9Mubw=="],

    "@zag-js/i18n-utils": ["@zag-js/i18n-utils@1.41.2", "", { "dependencies": { "@zag-js/dom-query": "1.41.2" } }, "sha512-f1xqaEY79awBxgUyjFso0UEpIoEHZq+zRvB0nUVFHJRW7Ds/QhaFHKSRnf2QBTlP/ObvCT225R+piNAAc17Aaw=="],

    "@zag-js/image-cropper": ["@zag-js/image-cropper@1.41.2", "", { "dependencies": { "@zag-js/anatomy": "1.41.2", "@zag-js/core": "1.41.2", "@zag-js/dom-query": "1.41.2", "@zag-js/types": "1.41.2", "@zag-js/utils": "1.41.2" } }, "sha512-750aT4U+J/TJw/Z1QVoLU9JG0luCtf9CyvShtJFIxeS+i25aUoBI9pOKgSFABsOutIqNJTPq4gYpqtuxFjSxRw=="],

    "@zag-js/interact-outside": ["@zag-js/interact-outside@1.41.2", "", { "dependencies": { "@zag-js/dom-query": "1.41.2", "@zag-js/utils": "1.41.2" } }, "sha512-dM4Fn9iyqQeqkCMRYZP+bAgWEPKRVQRqMmcPsN0OXBhhFKC31Em15LTIZXaOtVKAjH+iwx+UvSYFRiWwEjkOEA=="],

    "@zag-js/json-tree-utils": ["@zag-js/json-tree-utils@1.41.2", "", {}, "sha512-gNaOzsbCwmTd2HM3/u0xQdWX5UDBfl8tCXFavzbamkFH0iYQOXJb7cqUXBVuI4KScIbHPCKwrzZjqA5Sg9qzAQ=="],

    "@zag-js/listbox": ["@zag-js/listbox@1.41.2", "", { "dependencies": { "@zag-js/anatomy": "1.41.2", "@zag-js/collection": "1.41.2", "@zag-js/core": "1.41.2", "@zag-js/dom-query": "1.41.2", "@zag-js/focus-visible": "1.41.2", "@zag-js/types": "1.41.2", "@zag-js/utils": "1.41.2" } }, "sha512-iDGrZleP3ui2Q6Jgmr9RYlbd7njdJHs8Qb3IJrSIZBIeYyYmFvVUfAFjk0g/z/amjTx6uYxRASWSPy/RETd4ug=="],

    "@zag-js/live-region": ["@zag-js/live-region@1.41.2", "", {}, "sha512-7ubIW5AQt1wx9S/gFN+rU4TyvuFWJrL/DhnDWPNlH5g3luDVHSNeYGeeqf4d4tkcibtpYZa0pg9CbXxRxrfwVA=="],

    "@zag-js/marquee": ["@zag-js/marquee@1.41.2", "", { "dependencies": { "@zag-js/anatomy": "1.41.2", "@zag-js/core": "1.41.2", "@zag-js/dom-query": "1.41.2", "@zag-js/types": "1.41.2", "@zag-js/utils": "1.41.2" } }, "sha512-cT77aMhrtAK3oe2O6+X3TLtQs8wupdPUtZgHMWVxCcQOwagrk7RUBEQwU3Cx7cTswpBdTKSuDYgUggfgCs96wg=="],

    "@zag-js/menu": ["@zag-js/menu@1.41.2", "", { "dependencies": { "@zag-js/anatomy": "1.41.2", "@zag-js/core": "1.41.2", "@zag-js/dismissable": "1.41.2", "@zag-js/dom-query": "1.41.2", "@zag-js/focus-visible": "1.41.2", "@zag-js/popper": "1.41.2", "@zag-js/rect-utils": "1.41.2", "@zag-js/types": "1.41.2", "@zag-js/utils": "1.41.2" } }, "sha512-wwix8hcAUSi0scpWXCiDppfdZV01Za8nN0gqLt9GdhCiVSlr0rs9pK1ROgPKJTyc43UZfyFPqtTWVHvEHMM70w=="],

    "@zag-js/navigation-menu": ["@zag-js/navigation-menu@1.41.2", "", { "dependencies": { "@zag-js/anatomy": "1.41.2", "@zag-js/core": "1.41.2", "@zag-js/dismissable": "1.41.2", "@zag-js/dom-query": "1.41.2", "@zag-js/types": "1.41.2", "@zag-js/utils": "1.41.2" } }, "sha512-aROB9CHzskZpnoFuGFkp7dbkZdsXvp2nxQgsgld02I1sDqiwcQd+YMdB0/6Ik0oz6X8I70RKdUuQM9WQFQfDnA=="],

    "@zag-js/number-input": ["@zag-js/number-input@1.41.2", "", { "dependencies": { "@internationalized/number": "3.6.6", "@zag-js/anatomy": "1.41.2", "@zag-js/core": "1.41.2", "@zag-js/dom-query": "1.41.2", "@zag-js/types": "1.41.2", "@zag-js/utils": "1.41.2" } }, "sha512-QoQWCiVHO+ciUbq8uL8Kxhtk4o3UpwzYpJkfsOfitzsZoYpPc7V/A6+n5yABV2SOwpqBODwNASZdxiEa60kfow=="],

    "@zag-js/pagination": ["@zag-js/pagination@1.41.2", "", { "dependencies": { "@zag-js/anatomy": "1.41.2", "@zag-js/core": "1.41.2", "@zag-js/dom-query": "1.41.2", "@zag-js/types": "1.41.2", "@zag-js/utils": "1.41.2" } }, "sha512-vZTxz4DrIDfedMcTjDeEkOc1iXD9wkP8eKuEcDieHOodnjSnNNwtmoFw5DCWv+yEa/TByIamXBZ8ZxHY144JgA=="],

    "@zag-js/password-input": ["@zag-js/password-input@1.41.2", "", { "dependencies": { "@zag-js/anatomy": "1.41.2", "@zag-js/core": "1.41.2", "@zag-js/dom-query": "1.41.2", "@zag-js/types": "1.41.2", "@zag-js/utils": "1.41.2" } }, "sha512-OWKFl0S12Qnlf4R4WbMCJ/YU0kGfezm5tP0UiyubMO/Fixv6H0twDFaJSPg2F6POv5uomCcGubc1H7gO+fIhsQ=="],

    "@zag-js/pin-input": ["@zag-js/pin-input@1.41.2", "", { "dependencies": { "@zag-js/anatomy": "1.41.2", "@zag-js/core": "1.41.2", "@zag-js/dom-query": "1.41.2", "@zag-js/types": "1.41.2", "@zag-js/utils": "1.41.2" } }, "sha512-Wrn3YDbmWL3qvUIzN4QyLO7PzEhunX7z8DwBpmrK04p7HxR9pniTLVIPk27xk2MzyAPYcl4mwd9/Mc88tBxHsg=="],

    "@zag-js/popover": ["@zag-js/popover@1.41.2", "", { "dependencies": { "@zag-js/anatomy": "1.41.2", "@zag-js/aria-hidden": "1.41.2", "@zag-js/core": "1.41.2", "@zag-js/dismissable": "1.41.2", "@zag-js/dom-query": "1.41.2", "@zag-js/focus-trap": "1.41.2", "@zag-js/popper": "1.41.2", "@zag-js/remove-scroll": "1.41.2", "@zag-js/types": "1.41.2", "@zag-js/utils": "1.41.2" } }, "sha512-h/LlVMIERM+NWzYV0ZHURlJuaqkT8XxwyEV96XfVzjknDRFNoPSl5IttVYtoaPoUqC0p/Y4oTSiee4mUZKOLHw=="],

    "@zag-js/popper": ["@zag-js/popper@1.41.2", "", { "dependencies": { "@floating-ui/dom": "^1.7.6", "@zag-js/dom-query": "1.41.2", "@zag-js/utils": "1.41.2" } }, "sha512-Iz4D5YAIiIPn4IHGjhX3QatR/RyGaDt43lBSZv0RYcPQYtFg9sUuek3wizjW9qXgdvItevvNMqRdpl7f3es09g=="],

    "@zag-js/presence": ["@zag-js/presence@1.41.2", "", { "dependencies": { "@zag-js/core": "1.41.2", "@zag-js/dom-query": "1.41.2", "@zag-js/types": "1.41.2" } }, "sha512-OhOLPAf/DYPmgoEntrlrf3LOrkwA+Y0J3K03NXHXPnkRB7h8jyIbHqzHS0jRTb1pvsO2P/yowRyoYtptY2Zmog=="],

    "@zag-js/progress": ["@zag-js/progress@1.41.2", "", { "dependencies": { "@zag-js/anatomy": "1.41.2", "@zag-js/core": "1.41.2", "@zag-js/dom-query": "1.41.2", "@zag-js/types": "1.41.2", "@zag-js/utils": "1.41.2" } }, "sha512-SnzrqN+Z568NoO4rrgjrIc/S4EXMEne5CDgWwt2kQ8yq9VysdH8TtHAjyciFRIio7cdgEZNHKw9jSccpMWgRwA=="],

    "@zag-js/qr-code": ["@zag-js/qr-code@1.41.2", "", { "dependencies": { "@zag-js/anatomy": "1.41.2", "@zag-js/core": "1.41.2", "@zag-js/dom-query": "1.41.2", "@zag-js/types": "1.41.2", "@zag-js/utils": "1.41.2", "proxy-memoize": "3.0.1", "uqr": "0.1.3" } }, "sha512-+JLswCNnzf58aQTaX0SMUA9wRC8Hb/a/ZveJIXTz6853Siemay2HqOqB2WQIeF33HNldUFD/a4+4Q8ugg93ubA=="],

    "@zag-js/radio-group": ["@zag-js/radio-group@1.41.2", "", { "dependencies": { "@zag-js/anatomy": "1.41.2", "@zag-js/core": "1.41.2", "@zag-js/dom-query": "1.41.2", "@zag-js/focus-visible": "1.41.2", "@zag-js/types": "1.41.2", "@zag-js/utils": "1.41.2" } }, "sha512-EZjos61jKHZlNw8ez80vG2T9gUwpooxcVpYOKS2hyhuEXn3wEoefS5v1WFbmpoA/8TUpUQnYxisAeNuQfEQCuQ=="],

    "@zag-js/rating-group": ["@zag-js/rating-group@1.41.2", "", { "dependencies": { "@zag-js/anatomy": "1.41.2", "@zag-js/core": "1.41.2", "@zag-js/dom-query": "1.41.2", "@zag-js/types": "1.41.2", "@zag-js/utils": "1.41.2" } }, "sha512-SbJP4HiK5XRy/oC3xRowjZOCThq1n/QA2Z/XAkvKLJArVQCYjrH3MoWwWvMVNfNC5+ZJluborR2AGF7tlVLzxA=="],

    "@zag-js/rect-utils": ["@zag-js/rect-utils@1.41.2", "", {}, "sha512-GWBTamaMLMG1p7Fe6V0dsXeTEmk+tqG3ciovzmjxURCJ3Yq2EkAMRhS0v5DG0oo+PyrPEIzEWukGBQkh/XRgYQ=="],

    "@zag-js/remove-scroll": ["@zag-js/remove-scroll@1.41.2", "", { "dependencies": { "@zag-js/dom-query": "1.41.2" } }, "sha512-ieIrOgPKlCikAGEBIboQJoU7oxrL5BEY670tDOu7Eg7rNOdAwGXLEKPX2A/q+lREhOiVYjx0D3//vHTvdte80Q=="],

    "@zag-js/scroll-area": ["@zag-js/scroll-area@1.41.2", "", { "dependencies": { "@zag-js/anatomy": "1.41.2", "@zag-js/core": "1.41.2", "@zag-js/dom-query": "1.41.2", "@zag-js/types": "1.41.2", "@zag-js/utils": "1.41.2" } }, "sha512-hJFAwfIFuS7XmNsS3nB5rPm9OWXfB4d98sID7fjurcaZtDH5LqFriqfXhceNvs7rz7K4f/u8rufXrb6tcvATIA=="],

    "@zag-js/scroll-snap": ["@zag-js/scroll-snap@1.41.2", "", { "dependencies": { "@zag-js/dom-query": "1.41.2" } }, "sha512-+70Al6LSASyEZtFyyffUJlDbE88KgYJDud05z8oZTqyEOLlTqnlSNkXq/P3siO7r3sNykg9H+TmAKn+/dVSKuw=="],

    "@zag-js/select": ["@zag-js/select@1.41.2", "", { "dependencies": { "@zag-js/anatomy": "1.41.2", "@zag-js/collection": "1.41.2", "@zag-js/core": "1.41.2", "@zag-js/dismissable": "1.41.2", "@zag-js/dom-query": "1.41.2", "@zag-js/focus-visible": "1.41.2", "@zag-js/popper": "1.41.2", "@zag-js/types": "1.41.2", "@zag-js/utils": "1.41.2" } }, "sha512-3wGaKABILexoNBJ1bJiHqLLTctR/VMZaNA4cyKiqZeBEWtAkdMhgyY2xKobrP6KtUTqAeUFNVSTu4yCDrAQnUw=="],

    "@zag-js/signature-pad": ["@zag-js/signature-pad@1.41.2", "", { "dependencies": { "@zag-js/anatomy": "1.41.2", "@zag-js/core": "1.41.2", "@zag-js/dom-query": "1.41.2", "@zag-js/types": "1.41.2", "@zag-js/utils": "1.41.2", "perfect-freehand": "^1.2.3" } }, "sha512-iNrOxY4gtqhsZdXYvlhF7s+LiOvwV7/kBpNnq8tJ1oYhgTs8wvKtJHrP86/CR05irEXQTaLfmeAJZuBEys9iRA=="],

    "@zag-js/slider": ["@zag-js/slider@1.41.2", "", { "dependencies": { "@zag-js/anatomy": "1.41.2", "@zag-js/core": "1.41.2", "@zag-js/dom-query": "1.41.2", "@zag-js/types": "1.41.2", "@zag-js/utils": "1.41.2" } }, "sha512-mKK2BwoDbIGxAdkdKkPZJA1SHtEQt3lS9hJ6WghefYU2vyd0BXoIKvcDV3xJOzly5LXYhH5cJITn6JtGK8353A=="],

    "@zag-js/solid": ["@zag-js/solid@1.41.2", "", { "dependencies": { "@solid-primitives/keyed": "^1.5.3", "@zag-js/core": "1.41.2", "@zag-js/store": "1.41.2", "@zag-js/types": "1.41.2", "@zag-js/utils": "1.41.2" }, "peerDependencies": { "solid-js": ">=1.1.3" } }, "sha512-EyHtNpnDcVveJIRiK9WXjGWBYBRozJUXMYmdm24mnuCgPaKgvkOEY42lEYqbgF+YgUJ8BjE67Mhby0EjcM1HEg=="],

    "@zag-js/splitter": ["@zag-js/splitter@1.41.2", "", { "dependencies": { "@zag-js/anatomy": "1.41.2", "@zag-js/core": "1.41.2", "@zag-js/dom-query": "1.41.2", "@zag-js/types": "1.41.2", "@zag-js/utils": "1.41.2" } }, "sha512-Ubp4hkmzvVysU31jCINYbBXVqruu7rEPGqugWMzeXC5Hwda648aHpbg4Jix/wRtaGLjsyh6KOVEwAmoJU9NwhQ=="],

    "@zag-js/steps": ["@zag-js/steps@1.41.2", "", { "dependencies": { "@zag-js/anatomy": "1.41.2", "@zag-js/core": "1.41.2", "@zag-js/dom-query": "1.41.2", "@zag-js/types": "1.41.2", "@zag-js/utils": "1.41.2" } }, "sha512-m0t2r8+FWwa2b2aU5JiNrHVdYHyNZYHK0G3Tq9lCOSQoDeoJIkyta+sIVehLVSY+0Ba9kOlkRUmYLbsnfXaW+Q=="],

    "@zag-js/store": ["@zag-js/store@1.41.2", "", { "dependencies": { "proxy-compare": "3.0.1" } }, "sha512-dVZF7E1ezXzynrKhMH3rfSr2rBbCfvTjvXbXz7//1PNULuq58UU5dG93V+9l834npCZxI2+PrpY45wZLJPTsIA=="],

    "@zag-js/switch": ["@zag-js/switch@1.41.2", "", { "dependencies": { "@zag-js/anatomy": "1.41.2", "@zag-js/core": "1.41.2", "@zag-js/dom-query": "1.41.2", "@zag-js/focus-visible": "1.41.2", "@zag-js/types": "1.41.2", "@zag-js/utils": "1.41.2" } }, "sha512-qHbQK95UUHN0tj+bf9LLphLcMo/uTg2Pvs0c1Gs03Zh4g3NtHf0uYIhMZKYlCH0hNVlKrmdzLKWgeoDxv9gySw=="],

    "@zag-js/tabs": ["@zag-js/tabs@1.41.2", "", { "dependencies": { "@zag-js/anatomy": "1.41.2", "@zag-js/core": "1.41.2", "@zag-js/dom-query": "1.41.2", "@zag-js/types": "1.41.2", "@zag-js/utils": "1.41.2" } }, "sha512-7YVj2mCcxRbn1wMXP9anaTOVf+J0fa5uaPScr8e4+e2xc+/1WKzqN6V8IDeKS5wV/xzi1r3Ny307sX7Xz4ZJVQ=="],

    "@zag-js/tags-input": ["@zag-js/tags-input@1.41.2", "", { "dependencies": { "@zag-js/anatomy": "1.41.2", "@zag-js/auto-resize": "1.41.2", "@zag-js/core": "1.41.2", "@zag-js/dom-query": "1.41.2", "@zag-js/interact-outside": "1.41.2", "@zag-js/live-region": "1.41.2", "@zag-js/types": "1.41.2", "@zag-js/utils": "1.41.2" } }, "sha512-aIPEndSO+9LHxyoXLUr0Uttxw2cYMyDuii5w50wn/N7lFJD49U3Sj+6XaB/oJSbDAwn10WrsRDtb7Gs2kmU+Qw=="],

    "@zag-js/timer": ["@zag-js/timer@1.41.2", "", { "dependencies": { "@zag-js/anatomy": "1.41.2", "@zag-js/core": "1.41.2", "@zag-js/dom-query": "1.41.2", "@zag-js/types": "1.41.2", "@zag-js/utils": "1.41.2" } }, "sha512-PRYLWaip0+1FeVGEMNk5wMGAAIYgBIWwulZ4U5I+2Ayjohzp2NUAfwJ3sqoYvRrfjNYUNAPdU4eGu1zetC+oVQ=="],

    "@zag-js/toast": ["@zag-js/toast@1.41.2", "", { "dependencies": { "@zag-js/anatomy": "1.41.2", "@zag-js/core": "1.41.2", "@zag-js/dismissable": "1.41.2", "@zag-js/dom-query": "1.41.2", "@zag-js/types": "1.41.2", "@zag-js/utils": "1.41.2" } }, "sha512-+F3PsAo6EIz4rh73IOMCb/+FOUp7e3VjUY2q5sdU4IbfOzJBIbVSJxn0PQmHkuxkzWdCom0Lv0qSPFg/UTplnQ=="],

    "@zag-js/toggle": ["@zag-js/toggle@1.41.2", "", { "dependencies": { "@zag-js/anatomy": "1.41.2", "@zag-js/core": "1.41.2", "@zag-js/dom-query": "1.41.2", "@zag-js/types": "1.41.2", "@zag-js/utils": "1.41.2" } }, "sha512-EFB9pb3pEtwXt7RSivVLWXV64dKUF8gsn75tt8TbYBgfy+zW85MsRLu8U48TXZN5teQWAKKNujr9bxQsW/CWvQ=="],

    "@zag-js/toggle-group": ["@zag-js/toggle-group@1.41.2", "", { "dependencies": { "@zag-js/anatomy": "1.41.2", "@zag-js/core": "1.41.2", "@zag-js/dom-query": "1.41.2", "@zag-js/types": "1.41.2", "@zag-js/utils": "1.41.2" } }, "sha512-C6wn3A89h24hTs0BN9ryEuKatfR493u7QqxS06TeK9oI/KZBvm5Rwm8FPHSUJvsUTkAkow4PsXC0Ra19duzEdQ=="],

    "@zag-js/tooltip": ["@zag-js/tooltip@1.41.2", "", { "dependencies": { "@zag-js/anatomy": "1.41.2", "@zag-js/core": "1.41.2", "@zag-js/dom-query": "1.41.2", "@zag-js/focus-visible": "1.41.2", "@zag-js/popper": "1.41.2", "@zag-js/types": "1.41.2", "@zag-js/utils": "1.41.2" } }, "sha512-68okWJCFXfW8r0h97kEcU2yKPkq6e0S6QkiYh09ifMXoYjrQw/shPol8PgrS1poqKJigUWtsKm+bw73abhMn3w=="],

    "@zag-js/tour": ["@zag-js/tour@1.41.2", "", { "dependencies": { "@zag-js/anatomy": "1.41.2", "@zag-js/core": "1.41.2", "@zag-js/dismissable": "1.41.2", "@zag-js/dom-query": "1.41.2", "@zag-js/focus-trap": "1.41.2", "@zag-js/interact-outside": "1.41.2", "@zag-js/popper": "1.41.2", "@zag-js/types": "1.41.2", "@zag-js/utils": "1.41.2" } }, "sha512-Q7UsvuHYYBo1Cs4b4OS0e/D8lxd2GpSRII93s5BQPi5HTcBjaWhVysAykmCFbat6Z56z0NBmFHNdhZ8oVPls1A=="],

    "@zag-js/tree-view": ["@zag-js/tree-view@1.41.2", "", { "dependencies": { "@zag-js/anatomy": "1.41.2", "@zag-js/collection": "1.41.2", "@zag-js/core": "1.41.2", "@zag-js/dom-query": "1.41.2", "@zag-js/types": "1.41.2", "@zag-js/utils": "1.41.2" } }, "sha512-QNi0VpV+RyzF4NP72+kSleUpauF9SMAzOAe59nxvs8jAUHqV5diDCInnbQos4+cyFDXFzGq3lElot26A1yI+7Q=="],

    "@zag-js/types": ["@zag-js/types@1.41.2", "", { "dependencies": { "csstype": "3.2.3" } }, "sha512-L6CNvK06lIVpy0X8eG3kbDIx8Uuv+3KHElxXYSzRXSJ7/OLCv1sTRgEvnxNtdIWOrksGgxF4JtT7PXtoClGqNQ=="],

    "@zag-js/utils": ["@zag-js/utils@1.41.2", "", {}, "sha512-Yj8FSrR7vGA6ahUhjrThfHAF+PM2Y1Yv2lkXkqZZd60mPBhixcot1+SHOfEMV63JimQcWrmQ8QbeYYMmF+ZpLQ=="],

    "class-variance-authority": ["class-variance-authority@0.7.1", "", { "dependencies": { "clsx": "^2.1.1" } }, "sha512-Ka+9Trutv7G8M6WT6SeiRWz792K5qEqIGEGzXKhAE6xOWAY6pPH8U+9IY3oCMv6kqTmLsv7Xh/2w2RigkePMsg=="],

    "clsx": ["clsx@2.1.1", "", {}, "sha512-eYm0QWBtUrBWZWG0d386OGAw16Z995PiOVo2B7bjWSbHedGl5e0ZWaq65kOGgUSNesEIDkB9ISbTg/JK9dhCZA=="],

    "csstype": ["csstype@3.2.3", "", {}, "sha512-z1HGKcYy2xA8AGQfwrn0PAy+PB7X/GSj3UVJW9qKyn43xWa+gl5nXmU4qqLMRzWVLFC8KusUX8T/0kCiOYpAIQ=="],

    "fuse.js": ["fuse.js@7.4.2", "", {}, "sha512-LVbzjD4WA6UP5B1UnP8wuaXJiLnqMdM/E4fiJXTJ5haJ5b/MBNsK29h2fm6swEoQaVQjvYFWKLE2RanyZIoRVQ=="],

    "material-icons": ["material-icons@1.13.14", "", {}, "sha512-kZOfc7xCC0rAT8Q3DQixYAeT+tBqZnxkseQtp2bxBxz7q5pMAC+wmit7vJn1g/l7wRU+HEPq23gER4iPjGs5Cg=="],

    "perfect-freehand": ["perfect-freehand@1.2.3", "", {}, "sha512-bHZSfqDHGNlPpgH2yxXgPHlQSPpEbo+qg7li0M78J9vNAi2yjwLeA4x79BEQhX44lEWpCLSFCeRZwpw0niiXPA=="],

    "proxy-compare": ["proxy-compare@3.0.1", "", {}, "sha512-V9plBAt3qjMlS1+nC8771KNf6oJ12gExvaxnNzN/9yVRLdTv/lc+oJlnSzrdYDAvBfTStPCoiaCOTmTs0adv7Q=="],

    "proxy-memoize": ["proxy-memoize@3.0.1", "", { "dependencies": { "proxy-compare": "^3.0.0" } }, "sha512-VDdG/VYtOgdGkWJx7y0o7p+zArSf2383Isci8C+BP3YXgMYDoPd3cCBjw0JdWb6YBb9sFiOPbAADDVTPJnh+9g=="],

    "seroval": ["seroval@1.5.4", "", {}, "sha512-46uFvgrXTVxZcUorgSSRZ4y+ieqLLQRMlG4bnCZKW3qI6BZm7Rg4ntMW4p1mILEEBZWrFlcpp0AyIIlM6jD9iw=="],

    "seroval-plugins": ["seroval-plugins@1.5.4", "", { "peerDependencies": { "seroval": "^1.0" } }, "sha512-S0xQPhUTefAhNvNWFg0c1J8qJArHt5KdtJ/cFAofo06KD1MVSeFWyl4iiu+ApDIuw0WhjpOfCdgConOfAnLgkw=="],

    "solid-js": ["solid-js@1.9.13", "", { "dependencies": { "csstype": "^3.1.0", "seroval": "~1.5.0", "seroval-plugins": "~1.5.0" } }, "sha512-6hJeJMOcEX8ktqjpDoJZEmld3ijvcvWBDtiXBm7f4332SiFN66QeAQI1REQshvyUoISsSeJ4PHDauKYbwao9JQ=="],

    "tailwind-merge": ["tailwind-merge@3.6.0", "", {}, "sha512-uxL7qAVQriqRQPAyK3pj66VqskWqoZ37PW94jwOTwNfq/z9oyu1V+eqrZqtR2+fCiXdYOZe/Modt8GtvqNzu+w=="],

    "tslib": ["tslib@2.8.1", "", {}, "sha512-oJFu94HQb+KVduSUQL7wnpmqnfmLsOA/nAh6b6EH0wCEoK0/mPeXU6c3wKDV83MkOuHPRHtSXKKU99IBazS/2w=="],

    "typescript": ["typescript@6.0.3", "", { "bin": { "tsc": "bin/tsc", "tsserver": "bin/tsserver" } }, "sha512-y2TvuxSZPDyQakkFRPZHKFm+KKVqIisdg9/CZwm9ftvKXLP8NRWj38/ODjNbr43SsoXqNuAisEf1GdCxqWcdBw=="],

    "uqr": ["uqr@0.1.3", "", {}, "sha512-0rjE8iEJe4YmT9TOhwsZtqCMRLc5DXZUI2UEYUUg63ikBkqqE5EYWaI0etFe/5KUcmcYwLih2RND1kq+hrUJXA=="],
  }
}
